{
  "name": "advancedwind",
  "version": "2.4.2",
  "lockfileVersion": 3,
  "requires": true,
  "packages": {
    "": {
      "name": "advancedwind",
      "version": "2.4.2",
      "license": "ISC",
      "dependencies": {
        "signalkutilities": "^1.5.2"
      }
    },
    "node_modules/signalkutilities": {
      "version": "1.5.2",
      "resolved": "https://registry.npmjs.org/signalkutilities/-/signalkutilities-1.5.2.tgz",
      "integrity": "sha512-z2JBq1khrjYuYFP3sHqLhITjCZApjObnVJ1cRyqHUhf1mQfnsJHpqtE24RTFZXnECKeI5ZZhgkP7+YdbtUdViw==",
      "license": "ISC"
    }
  }
}
