{
  "name": "advancedwind",
  "version": "2.8.1",
  "lockfileVersion": 3,
  "requires": true,
  "packages": {
    "": {
      "name": "advancedwind",
      "version": "2.8.1",
      "license": "ISC",
      "dependencies": {
        "signalkutilities": "^3.0.0"
      },
      "engines": {
        "node": ">=22.0.0",
        "signalk-server": ">=2.28.0"
      }
    },
    "node_modules/signalkutilities": {
      "version": "3.0.0",
      "resolved": "https://registry.npmjs.org/signalkutilities/-/signalkutilities-3.0.0.tgz",
      "integrity": "sha512-UcHqR0Yw/JmtwmTYjRmwYvm5ouW2uCOtRLrv1zOWDj4fXyVyzKaJ8j9O9Qmj4LoKLd77X0fGV7X/w/wdb4CjPA==",
      "license": "ISC",
      "engines": {
        "node": ">=18"
      }
    }
  }
}
