{
  "name": "advancedwind",
  "version": "2.6.6",
  "lockfileVersion": 3,
  "requires": true,
  "packages": {
    "": {
      "name": "advancedwind",
      "version": "2.6.6",
      "license": "ISC",
      "dependencies": {
        "signalkutilities": "^2.0.0"
      },
      "engines": {
        "node": ">=18.0.0"
      }
    },
    "node_modules/signalkutilities": {
      "version": "2.0.0",
      "resolved": "https://registry.npmjs.org/signalkutilities/-/signalkutilities-2.0.0.tgz",
      "integrity": "sha512-EDBI44NYjgIU94m/XNS7qTlGd1ih6E9xw0GQ3dTRBulxPP3skeYLSfVp/LnO8fF+xsenGYm6KosxxVHviQQAuA==",
      "license": "ISC",
      "engines": {
        "node": ">=18"
      }
    }
  }
}
